{
  "name": "pwjs-tester",
  "version": "1.0.0",
  "lockfileVersion": 1,
  "requires": true,
  "dependencies": {
    "vm2": {
      "version": "3.6.3",
      "resolved": "https://registry.npmjs.org/vm2/-/vm2-3.6.3.tgz",
      "integrity": "sha512-9sGC9T+R/afjDSVyG15ATUPzm5ZHzvIJvwkVmQ+4H2Cy55uDp0dXneXV4gXC7RMd2crWcL/awfdHjCsNSm+ufg=="
    }
  }
}
